dependencies:
- name: postgresql
  repository: https://charts.bitnami.com/bitnami
  version: 10.16.2
- name: connector-country
  repository: file://../connector-country
  version: "1.0"
- name: connector-heritage-natural
  repository: file://../connector-heritage-natural
  version: "1.0"
- name: connector-heritage-cultural
  repository: file://../connector-heritage-cultural
  version: "1.0"
- name: app-map
  repository: file://../app-map
  version: "1.0"
- name: app-explorer
  repository: file://../app-explorer
  version: "1.0"
- name: app-demo
  repository: file://../app-demo
  version: "1.0"
digest: sha256:0adad20ba39b220fafd95177a63cb1a841bc766c2a5706d38a2445f57fa2fec3
generated: "2022-06-09T17:55:29.443769+02:00"
